
Microsoft Visual Studio Solution File, Format Version 12.00
# Visual Studio 2012
Project("{FAE04EC0-301F-11D3-BF4B-00C04F79EFBC}") = "my_dragon_cave", "my_dragon_cave\my_dragon_cave.csproj", "{D06870F3-59D9-4149-8DC3-2A66009620D8}"
EndProject
Global
	GlobalSection(SolutionConfigurationPlatforms) = preSolution
		Debug|x86 = Debug|x86
		Release|x86 = Release|x86
	EndGlobalSection
	GlobalSection(ProjectConfigurationPlatforms) = postSolution
		{D06870F3-59D9-4149-8DC3-2A66009620D8}.Debug|x86.ActiveCfg = Debug|x86
		{D06870F3-59D9-4149-8DC3-2A66009620D8}.Debug|x86.Build.0 = Debug|x86
		{D06870F3-59D9-4149-8DC3-2A66009620D8}.Release|x86.ActiveCfg = Release|x86
		{D06870F3-59D9-4149-8DC3-2A66009620D8}.Release|x86.Build.0 = Release|x86
	EndGlobalSection
	GlobalSection(MonoDevelopProperties) = preSolution
		Policies = $0
		$0.VersionControlPolicy = $1
		$1.inheritsSet = Mono
	EndGlobalSection
EndGlobal
